
Microsoft Visual Studio Solution File, Format Version 12.00
# Visual Studio Version 16
VisualStudioVersion = 16.0.31205.134
MinimumVisualStudioVersion = 10.0.40219.1
Project("{FAE04EC0-301F-11D3-BF4B-00C04F79EFBC}") = "MSdocsMVC", "MSdocsMVC.csproj", "{7217EF67-A111-4A53-99EC-CCF48F851D5C}"
EndProject
Global
	GlobalSection(SolutionConfigurationPlatforms) = preSolution
		Debug|Any CPU = Debug|Any CPU
		Release|Any CPU = Release|Any CPU
	EndGlobalSection
	GlobalSection(ProjectConfigurationPlatforms) = postSolution
		{7217EF67-A111-4A53-99EC-CCF48F851D5C}.Debug|Any CPU.ActiveCfg = Debug|Any CPU
		{7217EF67-A111-4A53-99EC-CCF48F851D5C}.Debug|Any CPU.Build.0 = Debug|Any CPU
		{7217EF67-A111-4A53-99EC-CCF48F851D5C}.Release|Any CPU.ActiveCfg = Release|Any CPU
		{7217EF67-A111-4A53-99EC-CCF48F851D5C}.Release|Any CPU.Build.0 = Release|Any CPU
	EndGlobalSection
	GlobalSection(SolutionProperties) = preSolution
		HideSolutionNode = FALSE
	EndGlobalSection
	GlobalSection(ExtensibilityGlobals) = postSolution
		SolutionGuid = {13638955-88F6-4AF4-BD12-FCA544AC8572}
	EndGlobalSection
EndGlobal
